
Microsoft Visual Studio Solution File, Format Version 12.00
# Visual Studio Version 17
VisualStudioVersion = 17.3.32929.385
MinimumVisualStudioVersion = 10.0.40219.1
Project("{9A19103F-16F7-4668-BE54-9A1E7A4F7556}") = "Heranca", "Heranca\Heranca.csproj", "{4692BCDC-2C7F-45C3-89C4-D5435D0D4BC3}"
EndProject
Project("{FAE04EC0-301F-11D3-BF4B-00C04F79EFBC}") = "AccountTests", "AccountTests\AccountTests.csproj", "{243D7BC0-B384-4102-AB0C-3B9EEA722E50}"
EndProject
Global
	GlobalSection(SolutionConfigurationPlatforms) = preSolution
		Debug|Any CPU = Debug|Any CPU
		Release|Any CPU = Release|Any CPU
	EndGlobalSection
	GlobalSection(ProjectConfigurationPlatforms) = postSolution
		{4692BCDC-2C7F-45C3-89C4-D5435D0D4BC3}.Debug|Any CPU.ActiveCfg = Debug|Any CPU
		{4692BCDC-2C7F-45C3-89C4-D5435D0D4BC3}.Debug|Any CPU.Build.0 = Debug|Any CPU
		{4692BCDC-2C7F-45C3-89C4-D5435D0D4BC3}.Release|Any CPU.ActiveCfg = Release|Any CPU
		{4692BCDC-2C7F-45C3-89C4-D5435D0D4BC3}.Release|Any CPU.Build.0 = Release|Any CPU
		{243D7BC0-B384-4102-AB0C-3B9EEA722E50}.Debug|Any CPU.ActiveCfg = Debug|Any CPU
		{243D7BC0-B384-4102-AB0C-3B9EEA722E50}.Debug|Any CPU.Build.0 = Debug|Any CPU
		{243D7BC0-B384-4102-AB0C-3B9EEA722E50}.Release|Any CPU.ActiveCfg = Release|Any CPU
		{243D7BC0-B384-4102-AB0C-3B9EEA722E50}.Release|Any CPU.Build.0 = Release|Any CPU
	EndGlobalSection
	GlobalSection(SolutionProperties) = preSolution
		HideSolutionNode = FALSE
	EndGlobalSection
	GlobalSection(ExtensibilityGlobals) = postSolution
		SolutionGuid = {A0F52876-EEDC-41A1-8910-283FCEA1101B}
	EndGlobalSection
EndGlobal
